
Microsoft Visual Studio Solution File, Format Version 12.00
# Visual Studio Version 17
VisualStudioVersion = 17.14.36623.8
MinimumVisualStudioVersion = 10.0.40219.1
Project("{FAE04EC0-301F-11D3-BF4B-00C04F79EFBC}") = "Task1OIP", "Task1OIP\Task1OIP.csproj", "{4758F211-6D2D-48A9-A0A1-1BC3BF1ABB8E}"
EndProject
Project("{FAE04EC0-301F-11D3-BF4B-00C04F79EFBC}") = "Task2OIP", "Task2OIP\Task2OIP.csproj", "{C72C70CE-9061-4C97-AC84-C8D66E9EB685}"
EndProject
Project("{FAE04EC0-301F-11D3-BF4B-00C04F79EFBC}") = "Task3OIP", "Task3OIP\Task3OIP.csproj", "{46D11B81-39CD-4D11-AC2B-6B3E8F5BC266}"
EndProject
Global
	GlobalSection(SolutionConfigurationPlatforms) = preSolution
		Debug|Any CPU = Debug|Any CPU
		Release|Any CPU = Release|Any CPU
	EndGlobalSection
	GlobalSection(ProjectConfigurationPlatforms) = postSolution
		{4758F211-6D2D-48A9-A0A1-1BC3BF1ABB8E}.Debug|Any CPU.ActiveCfg = Debug|Any CPU
		{4758F211-6D2D-48A9-A0A1-1BC3BF1ABB8E}.Debug|Any CPU.Build.0 = Debug|Any CPU
		{4758F211-6D2D-48A9-A0A1-1BC3BF1ABB8E}.Release|Any CPU.ActiveCfg = Release|Any CPU
		{4758F211-6D2D-48A9-A0A1-1BC3BF1ABB8E}.Release|Any CPU.Build.0 = Release|Any CPU
		{C72C70CE-9061-4C97-AC84-C8D66E9EB685}.Debug|Any CPU.ActiveCfg = Debug|Any CPU
		{C72C70CE-9061-4C97-AC84-C8D66E9EB685}.Debug|Any CPU.Build.0 = Debug|Any CPU
		{C72C70CE-9061-4C97-AC84-C8D66E9EB685}.Release|Any CPU.ActiveCfg = Release|Any CPU
		{C72C70CE-9061-4C97-AC84-C8D66E9EB685}.Release|Any CPU.Build.0 = Release|Any CPU
		{46D11B81-39CD-4D11-AC2B-6B3E8F5BC266}.Debug|Any CPU.ActiveCfg = Debug|Any CPU
		{46D11B81-39CD-4D11-AC2B-6B3E8F5BC266}.Debug|Any CPU.Build.0 = Debug|Any CPU
		{46D11B81-39CD-4D11-AC2B-6B3E8F5BC266}.Release|Any CPU.ActiveCfg = Release|Any CPU
		{46D11B81-39CD-4D11-AC2B-6B3E8F5BC266}.Release|Any CPU.Build.0 = Release|Any CPU
	EndGlobalSection
	GlobalSection(SolutionProperties) = preSolution
		HideSolutionNode = FALSE
	EndGlobalSection
	GlobalSection(ExtensibilityGlobals) = postSolution
		SolutionGuid = {F720F7C9-9704-4BF9-A1B2-E07393322085}
	EndGlobalSection
EndGlobal
